// !$*UTF8*$!
{
	archiveVersion = 1;
	classes = {
	};
	objectVersion = 77;
	objects = {

/* Begin PBXBuildFile section */
		090C597F30A8C4ED1462AA69 /* WorkspaceAppModel.swift in Sources */ = {isa = PBXBuildFile; fileRef = 13EFD619D7FC73C2382A6F5C /* WorkspaceAppModel.swift */; };
		1B0F0CDAE5158505C3B1AC08 /* ALDocuments in Frameworks */ = {isa = PBXBuildFile; productRef = 8C65E55F14F7283505E8D5EF /* ALDocuments */; };
		2C82460C684C44FF406A86A0 /* WorkspaceShellView.swift in Sources */ = {isa = PBXBuildFile; fileRef = 848E6335E1F754249BEC697F /* WorkspaceShellView.swift */; };
		2C893B1E88FF097296C64696 /* ALLedger in Frameworks */ = {isa = PBXBuildFile; productRef = 206991AA60C82400EF91E1C1 /* ALLedger */; };
		2E2444C8A5A587F7CB116046 /* ALWorkspace in Frameworks */ = {isa = PBXBuildFile; productRef = A81C6F10C00F071C1CD1001D /* ALWorkspace */; };
		30CB8D3691FC35758E096D8A /* ALStorage in Frameworks */ = {isa = PBXBuildFile; productRef = D09244979C7D215FF6FDA644 /* ALStorage */; };
		40B90FF7A140D0116D1CF1DE /* sample-bank-statement.csv in Resources */ = {isa = PBXBuildFile; fileRef = 1ADC1A058888B94E71C36818 /* sample-bank-statement.csv */; };
		41DBA3739E3A7F1467D794BF /* SidebarView.swift in Sources */ = {isa = PBXBuildFile; fileRef = FFD7093E8D10F4932AB76213 /* SidebarView.swift */; };
		50D28A5351B0D87369B7E430 /* AlpenLedgerAppUITests.swift in Sources */ = {isa = PBXBuildFile; fileRef = 3CD9D8C51E570950EAF2312F /* AlpenLedgerAppUITests.swift */; };
		549425A7C3F5B07532A215A6 /* Localizable.strings in Resources */ = {isa = PBXBuildFile; fileRef = 2D8A58596179AE2FAA898617 /* Localizable.strings */; };
		5D772021C4C17D1DB2C3D443 /* AppRuntimeConfiguration.swift in Sources */ = {isa = PBXBuildFile; fileRef = F919D5DCAB173C30B54E18A5 /* AppRuntimeConfiguration.swift */; };
		60786F4E915C8C2429A0F2F7 /* ALTaxCH in Frameworks */ = {isa = PBXBuildFile; productRef = 2D469EE7377120D9D839805C /* ALTaxCH */; };
		6737CA98BC966C15047BC724 /* ActiveWorkspaceSession.swift in Sources */ = {isa = PBXBuildFile; fileRef = 0DE6D7DC3DBAD7D257E94649 /* ActiveWorkspaceSession.swift */; };
		74530272624D6E493602CB43 /* ALImports in Frameworks */ = {isa = PBXBuildFile; productRef = 2724495F31748F8FF0AF40A9 /* ALImports */; };
		75884702789DCA988E654C0C /* Assets.xcassets in Resources */ = {isa = PBXBuildFile; fileRef = 9A0B1B63A5DC5CDA2FAEF4AC /* Assets.xcassets */; };
		77EB47F89434B72C5191B25B /* DependencyContainer.swift in Sources */ = {isa = PBXBuildFile; fileRef = 0CCAD84BC3F7A3A98C9FC03A /* DependencyContainer.swift */; };
		78E6BFFF8D656CE789A0EB8B /* sample-receipt.pdf in Resources */ = {isa = PBXBuildFile; fileRef = 959B2437D86F5C90CA1970A6 /* sample-receipt.pdf */; };
		999E7C4DE8D3B52927B25301 /* ALFeatures in Frameworks */ = {isa = PBXBuildFile; productRef = A81AAB4890010D7244718A07 /* ALFeatures */; };
		A0BE2E211FAE173C53C80320 /* BackupPanelClient.swift in Sources */ = {isa = PBXBuildFile; fileRef = E7E978DBF4B6BFE84AFB4E36 /* BackupPanelClient.swift */; };
		A36FC936ED7D7A47C5F01E3E /* TransactionLinkSheet.swift in Sources */ = {isa = PBXBuildFile; fileRef = 06D16CD851C89C76773630F2 /* TransactionLinkSheet.swift */; };
		A45333832DFE2CE7C2142F7E /* ALAudit in Frameworks */ = {isa = PBXBuildFile; productRef = 1E3D79555CE7209B52CDE988 /* ALAudit */; };
		A5EC05B88A8E78F2278CD3E4 /* PresentationHelpers.swift in Sources */ = {isa = PBXBuildFile; fileRef = 1BCEF18E1E2EC46BEA417A76 /* PresentationHelpers.swift */; };
		B77D210B25D1FFED5F298BF9 /* AppSection.swift in Sources */ = {isa = PBXBuildFile; fileRef = 84F9BD3CC4DD1B16350FBA0B /* AppSection.swift */; };
		BC59D98AAAD7A2FF6A5BDE12 /* RootSplitView.swift in Sources */ = {isa = PBXBuildFile; fileRef = 52CCE14D7FC301A491301012 /* RootSplitView.swift */; };
		C262F2B98D8F6994F055774C /* ALDomain in Frameworks */ = {isa = PBXBuildFile; productRef = 6C1D0C0924D8F41CFF3B76E9 /* ALDomain */; };
		C9A6FC57AE1B22E624E0B19C /* ALEvidence in Frameworks */ = {isa = PBXBuildFile; productRef = 64AEFBD470DC15921FFA718F /* ALEvidence */; };
		CC36C68B2D08AB14A6FAFD51 /* AlpenLedgerApp.swift in Sources */ = {isa = PBXBuildFile; fileRef = 4D83B6474B6C7E6FC36E7806 /* AlpenLedgerApp.swift */; };
		D3C00BCE2BAE6A9AE4959427 /* ALTaxCore in Frameworks */ = {isa = PBXBuildFile; productRef = 4DAB2A8E5631D392688FAD63 /* ALTaxCore */; };
		DB6293911E69BA2281C16B3E /* DetailView.swift in Sources */ = {isa = PBXBuildFile; fileRef = CD268AC3513FB3057A194393 /* DetailView.swift */; };
		E79ACFA752F63F01546FB1D6 /* DocumentLinkSheet.swift in Sources */ = {isa = PBXBuildFile; fileRef = 61930B7FC5D7272689013CD7 /* DocumentLinkSheet.swift */; };
		F20C230116B812B42EA3F5EF /* WorkspaceAppModel+Snapshots.swift in Sources */ = {isa = PBXBuildFile; fileRef = 15BEEC9E91328691F5B9CB0F /* WorkspaceAppModel+Snapshots.swift */; };
		FD12BFB5CD3D9094EAF5E376 /* AlpenLedgerAppTests.swift in Sources */ = {isa = PBXBuildFile; fileRef = C3097DFB9BC6B9C41C7B87C1 /* AlpenLedgerAppTests.swift */; };
/* End PBXBuildFile section */

/* Begin PBXContainerItemProxy section */
		BF4D4F8B5B63901ADBEBA1C5 /* PBXContainerItemProxy */ = {
			isa = PBXContainerItemProxy;
			containerPortal = C61A288BC6109450C8CDE88C /* Project object */;
			proxyType = 1;
			remoteGlobalIDString = CF933ABC1B390FE47D96E62D;
			remoteInfo = AlpenLedgerApp;
		};
		E1651382CF0B0310D7177AB2 /* PBXContainerItemProxy */ = {
			isa = PBXContainerItemProxy;
			containerPortal = C61A288BC6109450C8CDE88C /* Project object */;
			proxyType = 1;
			remoteGlobalIDString = CF933ABC1B390FE47D96E62D;
			remoteInfo = AlpenLedgerApp;
		};
/* End PBXContainerItemProxy section */

/* Begin PBXFileReference section */
		06D16CD851C89C76773630F2 /* TransactionLinkSheet.swift */ = {isa = PBXFileReference; lastKnownFileType = sourcecode.swift; path = TransactionLinkSheet.swift; sourceTree = "<group>"; };
		0CCAD84BC3F7A3A98C9FC03A /* DependencyContainer.swift */ = {isa = PBXFileReference; lastKnownFileType = sourcecode.swift; path = DependencyContainer.swift; sourceTree = "<group>"; };
		0DE6D7DC3DBAD7D257E94649 /* ActiveWorkspaceSession.swift */ = {isa = PBXFileReference; lastKnownFileType = sourcecode.swift; path = ActiveWorkspaceSession.swift; sourceTree = "<group>"; };
		13EFD619D7FC73C2382A6F5C /* WorkspaceAppModel.swift */ = {isa = PBXFileReference; lastKnownFileType = sourcecode.swift; path = WorkspaceAppModel.swift; sourceTree = "<group>"; };
		15BEEC9E91328691F5B9CB0F /* WorkspaceAppModel+Snapshots.swift */ = {isa = PBXFileReference; lastKnownFileType = sourcecode.swift; path = "WorkspaceAppModel+Snapshots.swift"; sourceTree = "<group>"; };
		1ADC1A058888B94E71C36818 /* sample-bank-statement.csv */ = {isa = PBXFileReference; path = "sample-bank-statement.csv"; sourceTree = "<group>"; };
		1BCEF18E1E2EC46BEA417A76 /* PresentationHelpers.swift */ = {isa = PBXFileReference; lastKnownFileType = sourcecode.swift; path = PresentationHelpers.swift; sourceTree = "<group>"; };
		3CD9D8C51E570950EAF2312F /* AlpenLedgerAppUITests.swift */ = {isa = PBXFileReference; lastKnownFileType = sourcecode.swift; path = AlpenLedgerAppUITests.swift; sourceTree = "<group>"; };
		4D83B6474B6C7E6FC36E7806 /* AlpenLedgerApp.swift */ = {isa = PBXFileReference; lastKnownFileType = sourcecode.swift; path = AlpenLedgerApp.swift; sourceTree = "<group>"; };
		52CCE14D7FC301A491301012 /* RootSplitView.swift */ = {isa = PBXFileReference; lastKnownFileType = sourcecode.swift; path = RootSplitView.swift; sourceTree = "<group>"; };
		61930B7FC5D7272689013CD7 /* DocumentLinkSheet.swift */ = {isa = PBXFileReference; lastKnownFileType = sourcecode.swift; path = DocumentLinkSheet.swift; sourceTree = "<group>"; };
		6840ECE291C4E2BBFD9CB004 /* AlpenLedgerAppTests.xctest */ = {isa = PBXFileReference; explicitFileType = wrapper.cfbundle; includeInIndex = 0; path = AlpenLedgerAppTests.xctest; sourceTree = BUILT_PRODUCTS_DIR; };
		8035903DE2C3B1A45595B82C /* Info.plist */ = {isa = PBXFileReference; lastKnownFileType = text.plist; path = Info.plist; sourceTree = "<group>"; };
		848E6335E1F754249BEC697F /* WorkspaceShellView.swift */ = {isa = PBXFileReference; lastKnownFileType = sourcecode.swift; path = WorkspaceShellView.swift; sourceTree = "<group>"; };
		84F9BD3CC4DD1B16350FBA0B /* AppSection.swift */ = {isa = PBXFileReference; lastKnownFileType = sourcecode.swift; path = AppSection.swift; sourceTree = "<group>"; };
		959B2437D86F5C90CA1970A6 /* sample-receipt.pdf */ = {isa = PBXFileReference; lastKnownFileType = image.pdf; path = "sample-receipt.pdf"; sourceTree = "<group>"; };
		9A0B1B63A5DC5CDA2FAEF4AC /* Assets.xcassets */ = {isa = PBXFileReference; lastKnownFileType = folder.assetcatalog; path = Assets.xcassets; sourceTree = "<group>"; };
		C3097DFB9BC6B9C41C7B87C1 /* AlpenLedgerAppTests.swift */ = {isa = PBXFileReference; lastKnownFileType = sourcecode.swift; path = AlpenLedgerAppTests.swift; sourceTree = "<group>"; };
		C79538094D3B3743B4C83945 /* en */ = {isa = PBXFileReference; lastKnownFileType = text.plist.strings; name = en; path = en.lproj/Localizable.strings; sourceTree = "<group>"; };
		CD268AC3513FB3057A194393 /* DetailView.swift */ = {isa = PBXFileReference; lastKnownFileType = sourcecode.swift; path = DetailView.swift; sourceTree = "<group>"; };
		D6FCD6E58B289D0CF0A667CB /* AlpenLedgerAppUITests.xctest */ = {isa = PBXFileReference; explicitFileType = wrapper.cfbundle; includeInIndex = 0; path = AlpenLedgerAppUITests.xctest; sourceTree = BUILT_PRODUCTS_DIR; };
		E7E978DBF4B6BFE84AFB4E36 /* BackupPanelClient.swift */ = {isa = PBXFileReference; lastKnownFileType = sourcecode.swift; path = BackupPanelClient.swift; sourceTree = "<group>"; };
		F3B78CFCC4EFB751A575111C /* AlpenLedgerApp.app */ = {isa = PBXFileReference; explicitFileType = wrapper.application; includeInIndex = 0; path = AlpenLedgerApp.app; sourceTree = BUILT_PRODUCTS_DIR; };
		F5C43549E18CA9FA6235E85F /* AlpenLedgerKit */ = {isa = PBXFileReference; lastKnownFileType = folder; name = AlpenLedgerKit; path = Packages/AlpenLedgerKit; sourceTree = SOURCE_ROOT; };
		F919D5DCAB173C30B54E18A5 /* AppRuntimeConfiguration.swift */ = {isa = PBXFileReference; lastKnownFileType = sourcecode.swift; path = AppRuntimeConfiguration.swift; sourceTree = "<group>"; };
		FFD7093E8D10F4932AB76213 /* SidebarView.swift */ = {isa = PBXFileReference; lastKnownFileType = sourcecode.swift; path = SidebarView.swift; sourceTree = "<group>"; };
/* End PBXFileReference section */

/* Begin PBXFrameworksBuildPhase section */
		3D51CA0F63DA7B24AE297318 /* Frameworks */ = {
			isa = PBXFrameworksBuildPhase;
			buildActionMask = 2147483647;
			files = (
				A45333832DFE2CE7C2142F7E /* ALAudit in Frameworks */,
				1B0F0CDAE5158505C3B1AC08 /* ALDocuments in Frameworks */,
				C262F2B98D8F6994F055774C /* ALDomain in Frameworks */,
				C9A6FC57AE1B22E624E0B19C /* ALEvidence in Frameworks */,
				999E7C4DE8D3B52927B25301 /* ALFeatures in Frameworks */,
				74530272624D6E493602CB43 /* ALImports in Frameworks */,
				2C893B1E88FF097296C64696 /* ALLedger in Frameworks */,
				30CB8D3691FC35758E096D8A /* ALStorage in Frameworks */,
				60786F4E915C8C2429A0F2F7 /* ALTaxCH in Frameworks */,
				D3C00BCE2BAE6A9AE4959427 /* ALTaxCore in Frameworks */,
				2E2444C8A5A587F7CB116046 /* ALWorkspace in Frameworks */,
			);
			runOnlyForDeploymentPostprocessing = 0;
		};
/* End PBXFrameworksBuildPhase section */

/* Begin PBXGroup section */
		12CA9B5F541E6D5356D3DCCF /* Navigation */ = {
			isa = PBXGroup;
			children = (
				84F9BD3CC4DD1B16350FBA0B /* AppSection.swift */,
			);
			path = Navigation;
			sourceTree = "<group>";
		};
		15961A6B00A550F59DD6E95F /* Packages */ = {
			isa = PBXGroup;
			children = (
				F5C43549E18CA9FA6235E85F /* AlpenLedgerKit */,
			);
			path = Packages;
			sourceTree = "<group>";
		};
		4A472A31F5B11B33C59E29DA /* AlpenLedgerAppTests */ = {
			isa = PBXGroup;
			children = (
				C3097DFB9BC6B9C41C7B87C1 /* AlpenLedgerAppTests.swift */,
			);
			path = AlpenLedgerAppTests;
			sourceTree = "<group>";
		};
		55515CEEC2174857EAD7E4A8 /* Resources */ = {
			isa = PBXGroup;
			children = (
				2D8A58596179AE2FAA898617 /* Localizable.strings */,
			);
			path = Resources;
			sourceTree = "<group>";
		};
		5621EC0205B202B256A76577 /* Products */ = {
			isa = PBXGroup;
			children = (
				F3B78CFCC4EFB751A575111C /* AlpenLedgerApp.app */,
				6840ECE291C4E2BBFD9CB004 /* AlpenLedgerAppTests.xctest */,
				D6FCD6E58B289D0CF0A667CB /* AlpenLedgerAppUITests.xctest */,
			);
			name = Products;
			sourceTree = "<group>";
		};
		5D342CC12527433591125D0D /* Root */ = {
			isa = PBXGroup;
			children = (
				0DE6D7DC3DBAD7D257E94649 /* ActiveWorkspaceSession.swift */,
				E7E978DBF4B6BFE84AFB4E36 /* BackupPanelClient.swift */,
				CD268AC3513FB3057A194393 /* DetailView.swift */,
				61930B7FC5D7272689013CD7 /* DocumentLinkSheet.swift */,
				1BCEF18E1E2EC46BEA417A76 /* PresentationHelpers.swift */,
				52CCE14D7FC301A491301012 /* RootSplitView.swift */,
				FFD7093E8D10F4932AB76213 /* SidebarView.swift */,
				06D16CD851C89C76773630F2 /* TransactionLinkSheet.swift */,
				13EFD619D7FC73C2382A6F5C /* WorkspaceAppModel.swift */,
				15BEEC9E91328691F5B9CB0F /* WorkspaceAppModel+Snapshots.swift */,
				848E6335E1F754249BEC697F /* WorkspaceShellView.swift */,
			);
			path = Root;
			sourceTree = "<group>";
		};
		6A34E59FF45285F9FDA1207A /* Fixtures */ = {
			isa = PBXGroup;
			children = (
				F9D783C430A4A9E384E9FA39 /* Bank */,
				D3B6095498236F1CEEBB8E22 /* Documents */,
			);
			path = Fixtures;
			sourceTree = "<group>";
		};
		7F31491B70590947F61100CE = {
			isa = PBXGroup;
			children = (
				A7CEF1EC31EACEA600C0AF05 /* App */,
				6A34E59FF45285F9FDA1207A /* Fixtures */,
				15961A6B00A550F59DD6E95F /* Packages */,
				5621EC0205B202B256A76577 /* Products */,
			);
			sourceTree = "<group>";
		};
		A7CEF1EC31EACEA600C0AF05 /* App */ = {
			isa = PBXGroup;
			children = (
				BE30F983249E94A436E77991 /* AlpenLedgerApp */,
				4A472A31F5B11B33C59E29DA /* AlpenLedgerAppTests */,
				F77F2E5156BFA64D245A2E49 /* AlpenLedgerAppUITests */,
			);
			path = App;
			sourceTree = "<group>";
		};
		BE30F983249E94A436E77991 /* AlpenLedgerApp */ = {
			isa = PBXGroup;
			children = (
				4D83B6474B6C7E6FC36E7806 /* AlpenLedgerApp.swift */,
				F919D5DCAB173C30B54E18A5 /* AppRuntimeConfiguration.swift */,
				9A0B1B63A5DC5CDA2FAEF4AC /* Assets.xcassets */,
				0CCAD84BC3F7A3A98C9FC03A /* DependencyContainer.swift */,
				8035903DE2C3B1A45595B82C /* Info.plist */,
				12CA9B5F541E6D5356D3DCCF /* Navigation */,
				55515CEEC2174857EAD7E4A8 /* Resources */,
				5D342CC12527433591125D0D /* Root */,
			);
			path = AlpenLedgerApp;
			sourceTree = "<group>";
		};
		D3B6095498236F1CEEBB8E22 /* Documents */ = {
			isa = PBXGroup;
			children = (
				959B2437D86F5C90CA1970A6 /* sample-receipt.pdf */,
			);
			path = Documents;
			sourceTree = "<group>";
		};
		F77F2E5156BFA64D245A2E49 /* AlpenLedgerAppUITests */ = {
			isa = PBXGroup;
			children = (
				3CD9D8C51E570950EAF2312F /* AlpenLedgerAppUITests.swift */,
			);
			path = AlpenLedgerAppUITests;
			sourceTree = "<group>";
		};
		F9D783C430A4A9E384E9FA39 /* Bank */ = {
			isa = PBXGroup;
			children = (
				1ADC1A058888B94E71C36818 /* sample-bank-statement.csv */,
			);
			path = Bank;
			sourceTree = "<group>";
		};
/* End PBXGroup section */

/* Begin PBXNativeTarget section */
		6802F60D284D992C0B3B4D3E /* AlpenLedgerAppUITests */ = {
			isa = PBXNativeTarget;
			buildConfigurationList = 1FB4A53A90F087A4782EA5C1 /* Build configuration list for PBXNativeTarget "AlpenLedgerAppUITests" */;
			buildPhases = (
				159FDD65C22F292D5F6D99FD /* Sources */,
			);
			buildRules = (
			);
			dependencies = (
				94D5D10961436837C60646E6 /* PBXTargetDependency */,
			);
			name = AlpenLedgerAppUITests;
			packageProductDependencies = (
			);
			productName = AlpenLedgerAppUITests;
			productReference = D6FCD6E58B289D0CF0A667CB /* AlpenLedgerAppUITests.xctest */;
			productType = "com.apple.product-type.bundle.ui-testing";
		};
		B1C9906640D784341B09CC00 /* AlpenLedgerAppTests */ = {
			isa = PBXNativeTarget;
			buildConfigurationList = BCF554FA6D7FBCF751FD9337 /* Build configuration list for PBXNativeTarget "AlpenLedgerAppTests" */;
			buildPhases = (
				DDDF51DD9C1A7C7B02F5319D /* Sources */,
			);
			buildRules = (
			);
			dependencies = (
				86FBC15D19174529266C22B6 /* PBXTargetDependency */,
			);
			name = AlpenLedgerAppTests;
			packageProductDependencies = (
			);
			productName = AlpenLedgerAppTests;
			productReference = 6840ECE291C4E2BBFD9CB004 /* AlpenLedgerAppTests.xctest */;
			productType = "com.apple.product-type.bundle.unit-test";
		};
		CF933ABC1B390FE47D96E62D /* AlpenLedgerApp */ = {
			isa = PBXNativeTarget;
			buildConfigurationList = E1D706791E8E3EBA50300A08 /* Build configuration list for PBXNativeTarget "AlpenLedgerApp" */;
			buildPhases = (
				0FB9ACDD330C79A8C6563BCA /* Sources */,
				1C338AB8A4AAE69B89AF22FA /* Resources */,
				3D51CA0F63DA7B24AE297318 /* Frameworks */,
			);
			buildRules = (
			);
			dependencies = (
			);
			name = AlpenLedgerApp;
			packageProductDependencies = (
				1E3D79555CE7209B52CDE988 /* ALAudit */,
				8C65E55F14F7283505E8D5EF /* ALDocuments */,
				6C1D0C0924D8F41CFF3B76E9 /* ALDomain */,
				64AEFBD470DC15921FFA718F /* ALEvidence */,
				A81AAB4890010D7244718A07 /* ALFeatures */,
				2724495F31748F8FF0AF40A9 /* ALImports */,
				206991AA60C82400EF91E1C1 /* ALLedger */,
				D09244979C7D215FF6FDA644 /* ALStorage */,
				2D469EE7377120D9D839805C /* ALTaxCH */,
				4DAB2A8E5631D392688FAD63 /* ALTaxCore */,
				A81C6F10C00F071C1CD1001D /* ALWorkspace */,
			);
			productName = AlpenLedgerApp;
			productReference = F3B78CFCC4EFB751A575111C /* AlpenLedgerApp.app */;
			productType = "com.apple.product-type.application";
		};
/* End PBXNativeTarget section */

/* Begin PBXProject section */
		C61A288BC6109450C8CDE88C /* Project object */ = {
			isa = PBXProject;
			attributes = {
				BuildIndependentTargetsInParallel = YES;
				LastUpgradeCheck = 2630;
				TargetAttributes = {
					6802F60D284D992C0B3B4D3E = {
						ProvisioningStyle = Manual;
						TestTargetID = CF933ABC1B390FE47D96E62D;
					};
					B1C9906640D784341B09CC00 = {
						ProvisioningStyle = Manual;
					};
					CF933ABC1B390FE47D96E62D = {
						ProvisioningStyle = Manual;
					};
				};
			};
			buildConfigurationList = A33D3D76167AE518041EDC0A /* Build configuration list for PBXProject "AlpenLedgerApp" */;
			developmentRegion = en;
			hasScannedForEncodings = 0;
			knownRegions = (
				Base,
				en,
			);
			mainGroup = 7F31491B70590947F61100CE;
			minimizedProjectReferenceProxies = 1;
			packageReferences = (
				16415D2BD088431478D9D19E /* XCLocalSwiftPackageReference "Packages/AlpenLedgerKit" */,
			);
			preferredProjectObjectVersion = 77;
			productRefGroup = 5621EC0205B202B256A76577 /* Products */;
			projectDirPath = "";
			projectRoot = "";
			targets = (
				CF933ABC1B390FE47D96E62D /* AlpenLedgerApp */,
				B1C9906640D784341B09CC00 /* AlpenLedgerAppTests */,
				6802F60D284D992C0B3B4D3E /* AlpenLedgerAppUITests */,
			);
		};
/* End PBXProject section */

/* Begin PBXResourcesBuildPhase section */
		1C338AB8A4AAE69B89AF22FA /* Resources */ = {
			isa = PBXResourcesBuildPhase;
			buildActionMask = 2147483647;
			files = (
				75884702789DCA988E654C0C /* Assets.xcassets in Resources */,
				549425A7C3F5B07532A215A6 /* Localizable.strings in Resources */,
				40B90FF7A140D0116D1CF1DE /* sample-bank-statement.csv in Resources */,
				78E6BFFF8D656CE789A0EB8B /* sample-receipt.pdf in Resources */,
			);
			runOnlyForDeploymentPostprocessing = 0;
		};
/* End PBXResourcesBuildPhase section */

/* Begin PBXSourcesBuildPhase section */
		0FB9ACDD330C79A8C6563BCA /* Sources */ = {
			isa = PBXSourcesBuildPhase;
			buildActionMask = 2147483647;
			files = (
				6737CA98BC966C15047BC724 /* ActiveWorkspaceSession.swift in Sources */,
				CC36C68B2D08AB14A6FAFD51 /* AlpenLedgerApp.swift in Sources */,
				5D772021C4C17D1DB2C3D443 /* AppRuntimeConfiguration.swift in Sources */,
				B77D210B25D1FFED5F298BF9 /* AppSection.swift in Sources */,
				A0BE2E211FAE173C53C80320 /* BackupPanelClient.swift in Sources */,
				77EB47F89434B72C5191B25B /* DependencyContainer.swift in Sources */,
				DB6293911E69BA2281C16B3E /* DetailView.swift in Sources */,
				E79ACFA752F63F01546FB1D6 /* DocumentLinkSheet.swift in Sources */,
				A5EC05B88A8E78F2278CD3E4 /* PresentationHelpers.swift in Sources */,
				BC59D98AAAD7A2FF6A5BDE12 /* RootSplitView.swift in Sources */,
				41DBA3739E3A7F1467D794BF /* SidebarView.swift in Sources */,
				A36FC936ED7D7A47C5F01E3E /* TransactionLinkSheet.swift in Sources */,
				F20C230116B812B42EA3F5EF /* WorkspaceAppModel+Snapshots.swift in Sources */,
				090C597F30A8C4ED1462AA69 /* WorkspaceAppModel.swift in Sources */,
				2C82460C684C44FF406A86A0 /* WorkspaceShellView.swift in Sources */,
			);
			runOnlyForDeploymentPostprocessing = 0;
		};
		159FDD65C22F292D5F6D99FD /* Sources */ = {
			isa = PBXSourcesBuildPhase;
			buildActionMask = 2147483647;
			files = (
				50D28A5351B0D87369B7E430 /* AlpenLedgerAppUITests.swift in Sources */,
			);
			runOnlyForDeploymentPostprocessing = 0;
		};
		DDDF51DD9C1A7C7B02F5319D /* Sources */ = {
			isa = PBXSourcesBuildPhase;
			buildActionMask = 2147483647;
			files = (
				FD12BFB5CD3D9094EAF5E376 /* AlpenLedgerAppTests.swift in Sources */,
			);
			runOnlyForDeploymentPostprocessing = 0;
		};
/* End PBXSourcesBuildPhase section */

/* Begin PBXTargetDependency section */
		86FBC15D19174529266C22B6 /* PBXTargetDependency */ = {
			isa = PBXTargetDependency;
			target = CF933ABC1B390FE47D96E62D /* AlpenLedgerApp */;
			targetProxy = BF4D4F8B5B63901ADBEBA1C5 /* PBXContainerItemProxy */;
		};
		94D5D10961436837C60646E6 /* PBXTargetDependency */ = {
			isa = PBXTargetDependency;
			target = CF933ABC1B390FE47D96E62D /* AlpenLedgerApp */;
			targetProxy = E1651382CF0B0310D7177AB2 /* PBXContainerItemProxy */;
		};
/* End PBXTargetDependency section */

/* Begin PBXVariantGroup section */
		2D8A58596179AE2FAA898617 /* Localizable.strings */ = {
			isa = PBXVariantGroup;
			children = (
				C79538094D3B3743B4C83945 /* en */,
			);
			name = Localizable.strings;
			sourceTree = "<group>";
		};
/* End PBXVariantGroup section */

/* Begin XCBuildConfiguration section */
		1D7A053A76233A3A1D9D1016 /* Release */ = {
			isa = XCBuildConfiguration;
			buildSettings = {
				BUNDLE_LOADER = "$(TEST_HOST)";
				CODE_SIGNING_ALLOWED = YES;
				CODE_SIGN_IDENTITY = "-";
				CODE_SIGN_STYLE = Manual;
				COMBINE_HIDPI_IMAGES = YES;
				GENERATE_INFOPLIST_FILE = YES;
				LD_RUNPATH_SEARCH_PATHS = (
					"$(inherited)",
					"@executable_path/../Frameworks",
					"@loader_path/../Frameworks",
				);
				MACOSX_DEPLOYMENT_TARGET = 15.6;
				PRODUCT_BUNDLE_IDENTIFIER = com.alpenledger.appTests;
				SDKROOT = macosx;
				TEST_HOST = "$(BUILT_PRODUCTS_DIR)/AlpenLedgerApp.app/Contents/MacOS/AlpenLedgerApp";
			};
			name = Release;
		};
		2A34FB27B2F5A054A7D8C5BC /* Debug */ = {
			isa = XCBuildConfiguration;
			buildSettings = {
				BUNDLE_LOADER = "$(TEST_HOST)";
				CODE_SIGNING_ALLOWED = YES;
				CODE_SIGN_IDENTITY = "-";
				CODE_SIGN_STYLE = Manual;
				COMBINE_HIDPI_IMAGES = YES;
				GENERATE_INFOPLIST_FILE = YES;
				LD_RUNPATH_SEARCH_PATHS = (
					"$(inherited)",
					"@executable_path/../Frameworks",
					"@loader_path/../Frameworks",
				);
				MACOSX_DEPLOYMENT_TARGET = 15.6;
				PRODUCT_BUNDLE_IDENTIFIER = com.alpenledger.appTests;
				SDKROOT = macosx;
				TEST_HOST = "$(BUILT_PRODUCTS_DIR)/AlpenLedgerApp.app/Contents/MacOS/AlpenLedgerApp";
			};
			name = Debug;
		};
		3519B40A5680B68C082CCB07 /* Debug */ = {
			isa = XCBuildConfiguration;
			buildSettings = {
				BUNDLE_LOADER = "$(TEST_HOST)";
				CODE_SIGNING_ALLOWED = YES;
				CODE_SIGN_IDENTITY = "-";
				CODE_SIGN_STYLE = Manual;
				COMBINE_HIDPI_IMAGES = YES;
				GENERATE_INFOPLIST_FILE = YES;
				LD_RUNPATH_SEARCH_PATHS = (
					"$(inherited)",
					"@executable_path/Frameworks",
					"@loader_path/Frameworks",
				);
				MACOSX_DEPLOYMENT_TARGET = 15.6;
				PRODUCT_BUNDLE_IDENTIFIER = com.alpenledger.appUITests;
				SDKROOT = macosx;
				TEST_TARGET_NAME = AlpenLedgerApp;
			};
			name = Debug;
		};
		40DBCE63058C3BBCA8FBD185 /* Release */ = {
			isa = XCBuildConfiguration;
			buildSettings = {
				ALWAYS_SEARCH_USER_PATHS = NO;
				CLANG_ANALYZER_NONNULL = YES;
				CLANG_ANALYZER_NUMBER_OBJECT_CONVERSION = YES_AGGRESSIVE;
				CLANG_CXX_LANGUAGE_STANDARD = "gnu++14";
				CLANG_CXX_LIBRARY = "libc++";
				CLANG_ENABLE_MODULES = YES;
				CLANG_ENABLE_OBJC_ARC = YES;
				CLANG_ENABLE_OBJC_WEAK = YES;
				CLANG_WARN_BLOCK_CAPTURE_AUTORELEASING = YES;
				CLANG_WARN_BOOL_CONVERSION = YES;
				CLANG_WARN_COMMA = YES;
				CLANG_WARN_CONSTANT_CONVERSION = YES;
				CLANG_WARN_DEPRECATED_OBJC_IMPLEMENTATIONS = YES;
				CLANG_WARN_DIRECT_OBJC_ISA_USAGE = YES_ERROR;
				CLANG_WARN_DOCUMENTATION_COMMENTS = YES;
				CLANG_WARN_EMPTY_BODY = YES;
				CLANG_WARN_ENUM_CONVERSION = YES;
				CLANG_WARN_INFINITE_RECURSION = YES;
				CLANG_WARN_INT_CONVERSION = YES;
				CLANG_WARN_NON_LITERAL_NULL_CONVERSION = YES;
				CLANG_WARN_OBJC_IMPLICIT_RETAIN_SELF = YES;
				CLANG_WARN_OBJC_LITERAL_CONVERSION = YES;
				CLANG_WARN_OBJC_ROOT_CLASS = YES_ERROR;
				CLANG_WARN_QUOTED_INCLUDE_IN_FRAMEWORK_HEADER = YES;
				CLANG_WARN_RANGE_LOOP_ANALYSIS = YES;
				CLANG_WARN_STRICT_PROTOTYPES = YES;
				CLANG_WARN_SUSPICIOUS_MOVE = YES;
				CLANG_WARN_UNGUARDED_AVAILABILITY = YES_AGGRESSIVE;
				CLANG_WARN_UNREACHABLE_CODE = YES;
				CLANG_WARN__DUPLICATE_METHOD_MATCH = YES;
				CODE_SIGNING_ALLOWED = NO;
				CODE_SIGNING_REQUIRED = NO;
				CODE_SIGN_IDENTITY = "";
				COPY_PHASE_STRIP = NO;
				DEBUG_INFORMATION_FORMAT = "dwarf-with-dsym";
				ENABLE_NS_ASSERTIONS = NO;
				ENABLE_STRICT_OBJC_MSGSEND = YES;
				GCC_C_LANGUAGE_STANDARD = gnu11;
				GCC_NO_COMMON_BLOCKS = YES;
				GCC_WARN_64_TO_32_BIT_CONVERSION = YES;
				GCC_WARN_ABOUT_RETURN_TYPE = YES_ERROR;
				GCC_WARN_UNDECLARED_SELECTOR = YES;
				GCC_WARN_UNINITIALIZED_AUTOS = YES_AGGRESSIVE;
				GCC_WARN_UNUSED_FUNCTION = YES;
				GCC_WARN_UNUSED_VARIABLE = YES;
				MACOSX_DEPLOYMENT_TARGET = 15.6;
				MTL_ENABLE_DEBUG_INFO = NO;
				MTL_FAST_MATH = YES;
				PRODUCT_NAME = "$(TARGET_NAME)";
				SDKROOT = macosx;
				SWIFT_COMPILATION_MODE = wholemodule;
				SWIFT_ENABLE_EXPLICIT_MODULES = NO;
				SWIFT_OPTIMIZATION_LEVEL = "-O";
				SWIFT_VERSION = 6.0;
			};
			name = Release;
		};
		475FFBA4FA334525EB9192C7 /* Debug */ = {
			isa = XCBuildConfiguration;
			buildSettings = {
				ALWAYS_SEARCH_USER_PATHS = NO;
				CLANG_ANALYZER_NONNULL = YES;
				CLANG_ANALYZER_NUMBER_OBJECT_CONVERSION = YES_AGGRESSIVE;
				CLANG_CXX_LANGUAGE_STANDARD = "gnu++14";
				CLANG_CXX_LIBRARY = "libc++";
				CLANG_ENABLE_MODULES = YES;
				CLANG_ENABLE_OBJC_ARC = YES;
				CLANG_ENABLE_OBJC_WEAK = YES;
				CLANG_WARN_BLOCK_CAPTURE_AUTORELEASING = YES;
				CLANG_WARN_BOOL_CONVERSION = YES;
				CLANG_WARN_COMMA = YES;
				CLANG_WARN_CONSTANT_CONVERSION = YES;
				CLANG_WARN_DEPRECATED_OBJC_IMPLEMENTATIONS = YES;
				CLANG_WARN_DIRECT_OBJC_ISA_USAGE = YES_ERROR;
				CLANG_WARN_DOCUMENTATION_COMMENTS = YES;
				CLANG_WARN_EMPTY_BODY = YES;
				CLANG_WARN_ENUM_CONVERSION = YES;
				CLANG_WARN_INFINITE_RECURSION = YES;
				CLANG_WARN_INT_CONVERSION = YES;
				CLANG_WARN_NON_LITERAL_NULL_CONVERSION = YES;
				CLANG_WARN_OBJC_IMPLICIT_RETAIN_SELF = YES;
				CLANG_WARN_OBJC_LITERAL_CONVERSION = YES;
				CLANG_WARN_OBJC_ROOT_CLASS = YES_ERROR;
				CLANG_WARN_QUOTED_INCLUDE_IN_FRAMEWORK_HEADER = YES;
				CLANG_WARN_RANGE_LOOP_ANALYSIS = YES;
				CLANG_WARN_STRICT_PROTOTYPES = YES;
				CLANG_WARN_SUSPICIOUS_MOVE = YES;
				CLANG_WARN_UNGUARDED_AVAILABILITY = YES_AGGRESSIVE;
				CLANG_WARN_UNREACHABLE_CODE = YES;
				CLANG_WARN__DUPLICATE_METHOD_MATCH = YES;
				CODE_SIGNING_ALLOWED = NO;
				CODE_SIGNING_REQUIRED = NO;
				CODE_SIGN_IDENTITY = "";
				COPY_PHASE_STRIP = NO;
				DEBUG_INFORMATION_FORMAT = dwarf;
				ENABLE_STRICT_OBJC_MSGSEND = YES;
				ENABLE_TESTABILITY = YES;
				GCC_C_LANGUAGE_STANDARD = gnu11;
				GCC_DYNAMIC_NO_PIC = NO;
				GCC_NO_COMMON_BLOCKS = YES;
				GCC_OPTIMIZATION_LEVEL = 0;
				GCC_PREPROCESSOR_DEFINITIONS = (
					"$(inherited)",
					"DEBUG=1",
				);
				GCC_WARN_64_TO_32_BIT_CONVERSION = YES;
				GCC_WARN_ABOUT_RETURN_TYPE = YES_ERROR;
				GCC_WARN_UNDECLARED_SELECTOR = YES;
				GCC_WARN_UNINITIALIZED_AUTOS = YES_AGGRESSIVE;
				GCC_WARN_UNUSED_FUNCTION = YES;
				GCC_WARN_UNUSED_VARIABLE = YES;
				MACOSX_DEPLOYMENT_TARGET = 15.6;
				MTL_ENABLE_DEBUG_INFO = INCLUDE_SOURCE;
				MTL_FAST_MATH = YES;
				ONLY_ACTIVE_ARCH = YES;
				PRODUCT_NAME = "$(TARGET_NAME)";
				SDKROOT = macosx;
				SWIFT_ACTIVE_COMPILATION_CONDITIONS = DEBUG;
				SWIFT_ENABLE_EXPLICIT_MODULES = NO;
				SWIFT_OPTIMIZATION_LEVEL = "-Onone";
				SWIFT_VERSION = 6.0;
			};
			name = Debug;
		};
		77C69C44D682CBAF4BACFD80 /* Debug */ = {
			isa = XCBuildConfiguration;
			buildSettings = {
				ASSETCATALOG_COMPILER_APPICON_NAME = AppIcon;
				CODE_SIGNING_ALLOWED = YES;
				CODE_SIGN_IDENTITY = "-";
				CODE_SIGN_STYLE = Manual;
				COMBINE_HIDPI_IMAGES = YES;
				ENABLE_HARDENED_RUNTIME = YES;
				INFOPLIST_FILE = App/AlpenLedgerApp/Info.plist;
				LD_RUNPATH_SEARCH_PATHS = (
					"$(inherited)",
					"@executable_path/../Frameworks",
				);
				MACOSX_DEPLOYMENT_TARGET = 15.6;
				PRODUCT_BUNDLE_IDENTIFIER = com.alpenledger.app;
				SDKROOT = macosx;
			};
			name = Debug;
		};
		792AA25F803BD5B8FEA04C0C /* Release */ = {
			isa = XCBuildConfiguration;
			buildSettings = {
				ASSETCATALOG_COMPILER_APPICON_NAME = AppIcon;
				CODE_SIGNING_ALLOWED = YES;
				CODE_SIGN_IDENTITY = "-";
				CODE_SIGN_STYLE = Manual;
				COMBINE_HIDPI_IMAGES = YES;
				ENABLE_HARDENED_RUNTIME = YES;
				INFOPLIST_FILE = App/AlpenLedgerApp/Info.plist;
				LD_RUNPATH_SEARCH_PATHS = (
					"$(inherited)",
					"@executable_path/../Frameworks",
				);
				MACOSX_DEPLOYMENT_TARGET = 15.6;
				PRODUCT_BUNDLE_IDENTIFIER = com.alpenledger.app;
				SDKROOT = macosx;
			};
			name = Release;
		};
		EA3127FE348FEF52726CC6D3 /* Release */ = {
			isa = XCBuildConfiguration;
			buildSettings = {
				BUNDLE_LOADER = "$(TEST_HOST)";
				CODE_SIGNING_ALLOWED = YES;
				CODE_SIGN_IDENTITY = "-";
				CODE_SIGN_STYLE = Manual;
				COMBINE_HIDPI_IMAGES = YES;
				GENERATE_INFOPLIST_FILE = YES;
				LD_RUNPATH_SEARCH_PATHS = (
					"$(inherited)",
					"@executable_path/Frameworks",
					"@loader_path/Frameworks",
				);
				MACOSX_DEPLOYMENT_TARGET = 15.6;
				PRODUCT_BUNDLE_IDENTIFIER = com.alpenledger.appUITests;
				SDKROOT = macosx;
				TEST_TARGET_NAME = AlpenLedgerApp;
			};
			name = Release;
		};
/* End XCBuildConfiguration section */

/* Begin XCConfigurationList section */
		1FB4A53A90F087A4782EA5C1 /* Build configuration list for PBXNativeTarget "AlpenLedgerAppUITests" */ = {
			isa = XCConfigurationList;
			buildConfigurations = (
				3519B40A5680B68C082CCB07 /* Debug */,
				EA3127FE348FEF52726CC6D3 /* Release */,
			);
			defaultConfigurationIsVisible = 0;
			defaultConfigurationName = Debug;
		};
		A33D3D76167AE518041EDC0A /* Build configuration list for PBXProject "AlpenLedgerApp" */ = {
			isa = XCConfigurationList;
			buildConfigurations = (
				475FFBA4FA334525EB9192C7 /* Debug */,
				40DBCE63058C3BBCA8FBD185 /* Release */,
			);
			defaultConfigurationIsVisible = 0;
			defaultConfigurationName = Debug;
		};
		BCF554FA6D7FBCF751FD9337 /* Build configuration list for PBXNativeTarget "AlpenLedgerAppTests" */ = {
			isa = XCConfigurationList;
			buildConfigurations = (
				2A34FB27B2F5A054A7D8C5BC /* Debug */,
				1D7A053A76233A3A1D9D1016 /* Release */,
			);
			defaultConfigurationIsVisible = 0;
			defaultConfigurationName = Debug;
		};
		E1D706791E8E3EBA50300A08 /* Build configuration list for PBXNativeTarget "AlpenLedgerApp" */ = {
			isa = XCConfigurationList;
			buildConfigurations = (
				77C69C44D682CBAF4BACFD80 /* Debug */,
				792AA25F803BD5B8FEA04C0C /* Release */,
			);
			defaultConfigurationIsVisible = 0;
			defaultConfigurationName = Debug;
		};
/* End XCConfigurationList section */

/* Begin XCLocalSwiftPackageReference section */
		16415D2BD088431478D9D19E /* XCLocalSwiftPackageReference "Packages/AlpenLedgerKit" */ = {
			isa = XCLocalSwiftPackageReference;
			relativePath = Packages/AlpenLedgerKit;
		};
/* End XCLocalSwiftPackageReference section */

/* Begin XCSwiftPackageProductDependency section */
		1E3D79555CE7209B52CDE988 /* ALAudit */ = {
			isa = XCSwiftPackageProductDependency;
			productName = ALAudit;
		};
		206991AA60C82400EF91E1C1 /* ALLedger */ = {
			isa = XCSwiftPackageProductDependency;
			productName = ALLedger;
		};
		2724495F31748F8FF0AF40A9 /* ALImports */ = {
			isa = XCSwiftPackageProductDependency;
			productName = ALImports;
		};
		2D469EE7377120D9D839805C /* ALTaxCH */ = {
			isa = XCSwiftPackageProductDependency;
			productName = ALTaxCH;
		};
		4DAB2A8E5631D392688FAD63 /* ALTaxCore */ = {
			isa = XCSwiftPackageProductDependency;
			productName = ALTaxCore;
		};
		64AEFBD470DC15921FFA718F /* ALEvidence */ = {
			isa = XCSwiftPackageProductDependency;
			productName = ALEvidence;
		};
		6C1D0C0924D8F41CFF3B76E9 /* ALDomain */ = {
			isa = XCSwiftPackageProductDependency;
			productName = ALDomain;
		};
		8C65E55F14F7283505E8D5EF /* ALDocuments */ = {
			isa = XCSwiftPackageProductDependency;
			productName = ALDocuments;
		};
		A81AAB4890010D7244718A07 /* ALFeatures */ = {
			isa = XCSwiftPackageProductDependency;
			productName = ALFeatures;
		};
		A81C6F10C00F071C1CD1001D /* ALWorkspace */ = {
			isa = XCSwiftPackageProductDependency;
			productName = ALWorkspace;
		};
		D09244979C7D215FF6FDA644 /* ALStorage */ = {
			isa = XCSwiftPackageProductDependency;
			productName = ALStorage;
		};
/* End XCSwiftPackageProductDependency section */
	};
	rootObject = C61A288BC6109450C8CDE88C /* Project object */;
}
